{
  "name": "hexo-site",
  "version": "0.0.0",
  "lockfileVersion": 1,
  "requires": true,
  "dependencies": {
    "deep-assign": {
      "version": "2.0.0",
      "resolved": "https://registry.npmjs.org/deep-assign/-/deep-assign-2.0.0.tgz",
      "integrity": "sha512-2QhG3Kxulu4XIF3WL5C5x0sc/S17JLgm1SfvDfIRsR/5m7ZGmcejII7fZ2RyWhN0UWIJm0TNM/eKow6LAn3evQ==",
      "requires": {
        "is-obj": "^1.0.0"
      }
    },
    "hexo-filter-mermaid-diagrams": {
      "version": "1.0.5",
      "resolved": "https://registry.npmjs.org/hexo-filter-mermaid-diagrams/-/hexo-filter-mermaid-diagrams-1.0.5.tgz",
      "integrity": "sha512-/IkIMKn4V7PBAzMJGNDPSoBFlv1JGvIELXm5AWkR8N5N44kDTNJLtabb4h095UhZQIXOrF9zA1WYhi6wrWLW5Q==",
      "requires": {
        "deep-assign": "^2.0.0"
      }
    },
    "is-obj": {
      "version": "1.0.1",
      "resolved": "https://registry.npmjs.org/is-obj/-/is-obj-1.0.1.tgz",
      "integrity": "sha512-l4RyHgRqGN4Y3+9JHVrNqO+tN0rV5My76uW5/nuO4K1b6vw5G8d/cmFjP9tRfEsdhZNt0IFdZuK/c2Vr4Nb+Qg=="
    }
  }
}
